
Microsoft Visual Studio Solution File, Format Version 12.00
# Visual Studio 15
VisualStudioVersion = 15.0.28010.2026
MinimumVisualStudioVersion = 10.0.40219.1
Project("{FAE04EC0-301F-11D3-BF4B-00C04F79EFBC}") = "02第一个程序", "02第一个程序\02第一个程序.csproj", "{32EC0B70-BC84-41D6-8BED-F68E1ACDE62C}"
EndProject
Project("{FAE04EC0-301F-11D3-BF4B-00C04F79EFBC}") = "06运算符和占位符", "..\06运算符和占位符\06运算符和占位符.csproj", "{38F0E6A5-240C-4305-AA6B-2FDECB7DE65E}"
EndProject
Global
	GlobalSection(SolutionConfigurationPlatforms) = preSolution
		Debug|Any CPU = Debug|Any CPU
		Release|Any CPU = Release|Any CPU
	EndGlobalSection
	GlobalSection(ProjectConfigurationPlatforms) = postSolution
		{32EC0B70-BC84-41D6-8BED-F68E1ACDE62C}.Debug|Any CPU.ActiveCfg = Debug|Any CPU
		{32EC0B70-BC84-41D6-8BED-F68E1ACDE62C}.Debug|Any CPU.Build.0 = Debug|Any CPU
		{32EC0B70-BC84-41D6-8BED-F68E1ACDE62C}.Release|Any CPU.ActiveCfg = Release|Any CPU
		{32EC0B70-BC84-41D6-8BED-F68E1ACDE62C}.Release|Any CPU.Build.0 = Release|Any CPU
		{38F0E6A5-240C-4305-AA6B-2FDECB7DE65E}.Debug|Any CPU.ActiveCfg = Debug|Any CPU
		{38F0E6A5-240C-4305-AA6B-2FDECB7DE65E}.Debug|Any CPU.Build.0 = Debug|Any CPU
		{38F0E6A5-240C-4305-AA6B-2FDECB7DE65E}.Release|Any CPU.ActiveCfg = Release|Any CPU
		{38F0E6A5-240C-4305-AA6B-2FDECB7DE65E}.Release|Any CPU.Build.0 = Release|Any CPU
	EndGlobalSection
	GlobalSection(SolutionProperties) = preSolution
		HideSolutionNode = FALSE
	EndGlobalSection
	GlobalSection(ExtensibilityGlobals) = postSolution
		SolutionGuid = {6A3F0BD9-E755-45E2-955B-CA3CF118E189}
	EndGlobalSection
EndGlobal
