
Microsoft Visual Studio Solution File, Format Version 12.00
# Visual Studio 15
VisualStudioVersion = 15.0.28010.2026
MinimumVisualStudioVersion = 10.0.40219.1
Project("{FAE04EC0-301F-11D3-BF4B-00C04F79EFBC}") = "08接受用户输入", "08接受用户输入\08接受用户输入.csproj", "{7A53C0F5-CDB9-4EA1-8286-F4FEF700037C}"
EndProject
Global
	GlobalSection(SolutionConfigurationPlatforms) = preSolution
		Debug|Any CPU = Debug|Any CPU
		Release|Any CPU = Release|Any CPU
	EndGlobalSection
	GlobalSection(ProjectConfigurationPlatforms) = postSolution
		{7A53C0F5-CDB9-4EA1-8286-F4FEF700037C}.Debug|Any CPU.ActiveCfg = Debug|Any CPU
		{7A53C0F5-CDB9-4EA1-8286-F4FEF700037C}.Debug|Any CPU.Build.0 = Debug|Any CPU
		{7A53C0F5-CDB9-4EA1-8286-F4FEF700037C}.Release|Any CPU.ActiveCfg = Release|Any CPU
		{7A53C0F5-CDB9-4EA1-8286-F4FEF700037C}.Release|Any CPU.Build.0 = Release|Any CPU
	EndGlobalSection
	GlobalSection(SolutionProperties) = preSolution
		HideSolutionNode = FALSE
	EndGlobalSection
	GlobalSection(ExtensibilityGlobals) = postSolution
		SolutionGuid = {351FCF49-1EE9-4DB2-96EC-0DB8CD7AF50F}
	EndGlobalSection
EndGlobal
