
Microsoft Visual Studio Solution File, Format Version 12.00
# Visual Studio 15
VisualStudioVersion = 15.0.28010.2026
MinimumVisualStudioVersion = 10.0.40219.1
Project("{FAE04EC0-301F-11D3-BF4B-00C04F79EFBC}") = "19for循环", "19for循环\19for循环.csproj", "{AB2630EF-0920-4924-84AC-1839A485A4CE}"
EndProject
Global
	GlobalSection(SolutionConfigurationPlatforms) = preSolution
		Debug|Any CPU = Debug|Any CPU
		Release|Any CPU = Release|Any CPU
	EndGlobalSection
	GlobalSection(ProjectConfigurationPlatforms) = postSolution
		{AB2630EF-0920-4924-84AC-1839A485A4CE}.Debug|Any CPU.ActiveCfg = Debug|Any CPU
		{AB2630EF-0920-4924-84AC-1839A485A4CE}.Debug|Any CPU.Build.0 = Debug|Any CPU
		{AB2630EF-0920-4924-84AC-1839A485A4CE}.Release|Any CPU.ActiveCfg = Release|Any CPU
		{AB2630EF-0920-4924-84AC-1839A485A4CE}.Release|Any CPU.Build.0 = Release|Any CPU
	EndGlobalSection
	GlobalSection(SolutionProperties) = preSolution
		HideSolutionNode = FALSE
	EndGlobalSection
	GlobalSection(ExtensibilityGlobals) = postSolution
		SolutionGuid = {CBE7F237-998D-4558-B443-4CC9ED436BBD}
	EndGlobalSection
EndGlobal
